
Microsoft Visual Studio Solution File, Format Version 12.00
# Visual Studio 15
VisualStudioVersion = 15.0.28307.1022
MinimumVisualStudioVersion = 10.0.40219.1
Project("{FAE04EC0-301F-11D3-BF4B-00C04F79EFBC}") = "Q66_ConstuctMultiplyArray", "Q66_ConstuctMultiplyArray\Q66_ConstuctMultiplyArray.csproj", "{9E0F2111-96F9-47FB-909E-A8416470C851}"
EndProject
Project("{FAE04EC0-301F-11D3-BF4B-00C04F79EFBC}") = "Q05_ReplaceSpace", "Q05_ReplaceSpace\Q05_ReplaceSpace.csproj", "{D1599E55-2B1B-4C98-A2CC-36F4EFAA2328}"
EndProject
Project("{FAE04EC0-301F-11D3-BF4B-00C04F79EFBC}") = "Q19_RegularExpressionMatch", "Q19_RegularExpressionMatch\Q19_RegularExpressionMatch.csproj", "{01875538-7B04-421C-B927-C284ED0044F8}"
EndProject
Project("{FAE04EC0-301F-11D3-BF4B-00C04F79EFBC}") = "Q20_NumericStrings", "Q20_NumericStrings\Q20_NumericStrings.csproj", "{19411BB8-B7A8-422E-8F8F-A5137507DE65}"
EndProject
Project("{FAE04EC0-301F-11D3-BF4B-00C04F79EFBC}") = "Q50_02_FirstCharacterInStream", "Q50_02_FirstCharacterInStream\Q50_02_FirstCharacterInStream.csproj", "{4EEBC8DF-4087-4FF5-8634-7745D9EACC0B}"
EndProject
Project("{2150E333-8FDC-42A3-9474-1A3956D46DE8}") = "Solution Items", "Solution Items", "{3F208883-0961-4D6A-AD16-31BBA4E70D80}"
	ProjectSection(SolutionItems) = preProject
		TextFile1.txt = TextFile1.txt
	EndProjectSection
EndProject
Project("{FAE04EC0-301F-11D3-BF4B-00C04F79EFBC}") = "Q22_KthNodeFromEnd", "Q22_KthNodeFromEnd\Q22_KthNodeFromEnd.csproj", "{D1C6BA83-018D-4279-BC7F-FE87B2A55703}"
EndProject
Project("{FAE04EC0-301F-11D3-BF4B-00C04F79EFBC}") = "Q23_EntryNodeInListLoop", "Q23_EntryNodeInListLoop\Q23_EntryNodeInListLoop.csproj", "{0461D3D4-CC68-465E-986B-0E85A4D4690C}"
EndProject
Project("{FAE04EC0-301F-11D3-BF4B-00C04F79EFBC}") = "Q18_02_DeleteDuplicatedNode", "Q18_02_DeleteDuplicatedNode\Q18_02_DeleteDuplicatedNode.csproj", "{7E2D6B52-7BD9-4338-928E-4E0951CE4779}"
EndProject
Project("{FAE04EC0-301F-11D3-BF4B-00C04F79EFBC}") = "Q24_ReverseList", "Q24_ReverseList\Q24_ReverseList.csproj", "{53BE7DD9-31E6-4714-8D1D-10E2FF13A3D7}"
EndProject
Project("{FAE04EC0-301F-11D3-BF4B-00C04F79EFBC}") = "Q06_PrintListInReversedOrder", "Q06_PrintListInReversedOrder\Q06_PrintListInReversedOrder.csproj", "{4DC09C01-3008-4240-B226-8C5A91F7B9FD}"
EndProject
Project("{FAE04EC0-301F-11D3-BF4B-00C04F79EFBC}") = "Q25_MergeSortedLists", "Q25_MergeSortedLists\Q25_MergeSortedLists.csproj", "{FDEB8013-8192-447C-BB94-9EC09E1003C2}"
EndProject
Project("{FAE04EC0-301F-11D3-BF4B-00C04F79EFBC}") = "Q27_MirrorOfBinaryTree", "Q27_MirrorOfBinaryTree\Q27_MirrorOfBinaryTree.csproj", "{93E414FA-4A6F-49BA-9D02-670DAF908190}"
EndProject
Project("{FAE04EC0-301F-11D3-BF4B-00C04F79EFBC}") = "A_BinaryTreeTraversal", "A_BinaryTreeTraversal\A_BinaryTreeTraversal.csproj", "{13B0C945-87E7-4451-985F-E10B32C06C57}"
EndProject
Project("{FAE04EC0-301F-11D3-BF4B-00C04F79EFBC}") = "Q32_02_PrintTreesInLines", "Q32_02_PrintTreesInLines\Q32_02_PrintTreesInLines.csproj", "{61221753-27DC-40E9-92FC-B2E12738E6F6}"
EndProject
Project("{FAE04EC0-301F-11D3-BF4B-00C04F79EFBC}") = "Q55_01_TreeDepth", "Q55_01_TreeDepth\Q55_01_TreeDepth.csproj", "{1D190764-35C7-42CF-A653-2A638C29F7BC}"
EndProject
Project("{FAE04EC0-301F-11D3-BF4B-00C04F79EFBC}") = "Q28_SymmetricalBinaryTree", "Q28_SymmetricalBinaryTree\Q28_SymmetricalBinaryTree.csproj", "{5CE1D80F-AD82-4517-AAF1-EFB00768A01C}"
EndProject
Project("{FAE04EC0-301F-11D3-BF4B-00C04F79EFBC}") = "Q55_02_BalancedBinaryTree", "Q55_02_BalancedBinaryTree\Q55_02_BalancedBinaryTree.csproj", "{05A048A8-1B1F-40B2-9E15-411CE6C1AB1C}"
EndProject
Project("{FAE04EC0-301F-11D3-BF4B-00C04F79EFBC}") = "Q08_NextNodeInBinaryTrees", "Q08_NextNodeInBinaryTrees\Q08_NextNodeInBinaryTrees.csproj", "{3F315487-74E3-428A-9D70-FEE2839165C7}"
EndProject
Project("{FAE04EC0-301F-11D3-BF4B-00C04F79EFBC}") = "Q36_ConvertBinarySearchTree", "Q36_ConvertBinarySearchTree\Q36_ConvertBinarySearchTree.csproj", "{6D9DCDFD-0C2D-4063-AE3A-74F5C81FF241}"
EndProject
Project("{FAE04EC0-301F-11D3-BF4B-00C04F79EFBC}") = "Q34_PathInTree", "Q34_PathInTree\Q34_PathInTree.csproj", "{851C5E15-A5FF-430F-939A-B30202189DD3}"
EndProject
Project("{FAE04EC0-301F-11D3-BF4B-00C04F79EFBC}") = "Q33_SquenceOfBST", "Q33_SquenceOfBST\Q33_SquenceOfBST.csproj", "{27D118CA-43C6-4646-A498-C5A9D4733C5F}"
EndProject
Project("{FAE04EC0-301F-11D3-BF4B-00C04F79EFBC}") = "Q54_KthNodeInBST", "Q54_KthNodeInBST\Q54_KthNodeInBST.csproj", "{31DCD8FB-56EA-4BB5-BC96-AEDDE6D91FB8}"
EndProject
Project("{FAE04EC0-301F-11D3-BF4B-00C04F79EFBC}") = "Q26_SubstructureInTree", "Q26_SubstructureInTree\Q26_SubstructureInTree.csproj", "{87D991CA-F7C1-432D-9BFE-A412CA30A112}"
EndProject
Project("{FAE04EC0-301F-11D3-BF4B-00C04F79EFBC}") = "Q32_01_PrintTreeFromTopToBottom", "Q32_01_PrintTreeFromTopToBottom\Q32_01_PrintTreeFromTopToBottom.csproj", "{B5A9D720-E5E5-4EE3-8384-EA20482D935E}"
EndProject
Project("{FAE04EC0-301F-11D3-BF4B-00C04F79EFBC}") = "Q07_ConstructBinaryTree", "Q07_ConstructBinaryTree\Q07_ConstructBinaryTree.csproj", "{75E825D3-3BB5-464A-9829-F436CFA4B063}"
EndProject
Project("{FAE04EC0-301F-11D3-BF4B-00C04F79EFBC}") = "Q32_03_PrintTreesInZigzag", "Q32_03_PrintTreesInZigzag\Q32_03_PrintTreesInZigzag.csproj", "{3EA163A0-1CE9-403A-8D3B-96EE28D271B6}"
EndProject
Project("{FAE04EC0-301F-11D3-BF4B-00C04F79EFBC}") = "Q37_SerializeBinaryTrees", "Q37_SerializeBinaryTrees\Q37_SerializeBinaryTrees.csproj", "{C45F678D-38F2-4FD5-A9BC-BAEC5A09F7B2}"
EndProject
Project("{FAE04EC0-301F-11D3-BF4B-00C04F79EFBC}") = "Q11_MinNumberInRotatedArray", "Q11_MinNumberInRotatedArray\Q11_MinNumberInRotatedArray.csproj", "{3C5663FB-C70A-46DF-AB9E-34FF0741B633}"
EndProject
Project("{FAE04EC0-301F-11D3-BF4B-00C04F79EFBC}") = "Q03_01_DuplicationInArray", "Q03_01_DuplicationInArray\Q03_01_DuplicationInArray.csproj", "{2921179D-367B-46D6-8684-7EB20E1A4A4D}"
EndProject
Project("{FAE04EC0-301F-11D3-BF4B-00C04F79EFBC}") = "Q10_01_Fibonacci", "Q10_01_Fibonacci\Q10_01_Fibonacci.csproj", "{DF9CDAEC-772A-4780-89C3-90136B9D09E3}"
EndProject
Project("{FAE04EC0-301F-11D3-BF4B-00C04F79EFBC}") = "Q10_02_JumpTheStairs", "Q10_02_JumpTheStairs\Q10_02_JumpTheStairs.csproj", "{123B97CC-6151-4AC8-9966-046A89323BDD}"
EndProject
Project("{FAE04EC0-301F-11D3-BF4B-00C04F79EFBC}") = "Q15_NumberOf1InBinary", "Q15_NumberOf1InBinary\Q15_NumberOf1InBinary.csproj", "{C3CA1861-9B84-4F21-B239-2A48BEDD1193}"
EndProject
Project("{FAE04EC0-301F-11D3-BF4B-00C04F79EFBC}") = "Q17_Print1ToMaxOfNDigits", "Q17_Print1ToMaxOfNDigits\Q17_Print1ToMaxOfNDigits.csproj", "{F03801EA-F9A0-4ABA-8EF7-12D4DA610E7F}"
EndProject
Project("{FAE04EC0-301F-11D3-BF4B-00C04F79EFBC}") = "Q16_Power", "Q16_Power\Q16_Power.csproj", "{27E23D90-BD68-4CB1-A473-608B4CBA4C1C}"
EndProject
Project("{FAE04EC0-301F-11D3-BF4B-00C04F79EFBC}") = "Q29_PrintMatrix", "Q29_PrintMatrix\Q29_PrintMatrix.csproj", "{E3118B61-A1AF-4B4A-BA65-505F0EA877A7}"
EndProject
Project("{FAE04EC0-301F-11D3-BF4B-00C04F79EFBC}") = "Q38_StringPermutation", "Q38_StringPermutation\Q38_StringPermutation.csproj", "{2559802A-6097-42C4-A4B0-062105E1DAC9}"
EndProject
Project("{FAE04EC0-301F-11D3-BF4B-00C04F79EFBC}") = "Q30_MinInStack", "Q30_MinInStack\Q30_MinInStack.csproj", "{588AB2C5-EA35-4294-99DC-262B12EBABC1}"
EndProject
Global
	GlobalSection(SolutionConfigurationPlatforms) = preSolution
		Debug|Any CPU = Debug|Any CPU
		Release|Any CPU = Release|Any CPU
	EndGlobalSection
	GlobalSection(ProjectConfigurationPlatforms) = postSolution
		{9E0F2111-96F9-47FB-909E-A8416470C851}.Debug|Any CPU.ActiveCfg = Debug|Any CPU
		{9E0F2111-96F9-47FB-909E-A8416470C851}.Debug|Any CPU.Build.0 = Debug|Any CPU
		{9E0F2111-96F9-47FB-909E-A8416470C851}.Release|Any CPU.ActiveCfg = Release|Any CPU
		{9E0F2111-96F9-47FB-909E-A8416470C851}.Release|Any CPU.Build.0 = Release|Any CPU
		{D1599E55-2B1B-4C98-A2CC-36F4EFAA2328}.Debug|Any CPU.ActiveCfg = Debug|Any CPU
		{D1599E55-2B1B-4C98-A2CC-36F4EFAA2328}.Debug|Any CPU.Build.0 = Debug|Any CPU
		{D1599E55-2B1B-4C98-A2CC-36F4EFAA2328}.Release|Any CPU.ActiveCfg = Release|Any CPU
		{D1599E55-2B1B-4C98-A2CC-36F4EFAA2328}.Release|Any CPU.Build.0 = Release|Any CPU
		{01875538-7B04-421C-B927-C284ED0044F8}.Debug|Any CPU.ActiveCfg = Debug|Any CPU
		{01875538-7B04-421C-B927-C284ED0044F8}.Debug|Any CPU.Build.0 = Debug|Any CPU
		{01875538-7B04-421C-B927-C284ED0044F8}.Release|Any CPU.ActiveCfg = Release|Any CPU
		{01875538-7B04-421C-B927-C284ED0044F8}.Release|Any CPU.Build.0 = Release|Any CPU
		{19411BB8-B7A8-422E-8F8F-A5137507DE65}.Debug|Any CPU.ActiveCfg = Debug|Any CPU
		{19411BB8-B7A8-422E-8F8F-A5137507DE65}.Debug|Any CPU.Build.0 = Debug|Any CPU
		{19411BB8-B7A8-422E-8F8F-A5137507DE65}.Release|Any CPU.ActiveCfg = Release|Any CPU
		{19411BB8-B7A8-422E-8F8F-A5137507DE65}.Release|Any CPU.Build.0 = Release|Any CPU
		{4EEBC8DF-4087-4FF5-8634-7745D9EACC0B}.Debug|Any CPU.ActiveCfg = Debug|Any CPU
		{4EEBC8DF-4087-4FF5-8634-7745D9EACC0B}.Debug|Any CPU.Build.0 = Debug|Any CPU
		{4EEBC8DF-4087-4FF5-8634-7745D9EACC0B}.Release|Any CPU.ActiveCfg = Release|Any CPU
		{4EEBC8DF-4087-4FF5-8634-7745D9EACC0B}.Release|Any CPU.Build.0 = Release|Any CPU
		{D1C6BA83-018D-4279-BC7F-FE87B2A55703}.Debug|Any CPU.ActiveCfg = Debug|Any CPU
		{D1C6BA83-018D-4279-BC7F-FE87B2A55703}.Debug|Any CPU.Build.0 = Debug|Any CPU
		{D1C6BA83-018D-4279-BC7F-FE87B2A55703}.Release|Any CPU.ActiveCfg = Release|Any CPU
		{D1C6BA83-018D-4279-BC7F-FE87B2A55703}.Release|Any CPU.Build.0 = Release|Any CPU
		{0461D3D4-CC68-465E-986B-0E85A4D4690C}.Debug|Any CPU.ActiveCfg = Debug|Any CPU
		{0461D3D4-CC68-465E-986B-0E85A4D4690C}.Debug|Any CPU.Build.0 = Debug|Any CPU
		{0461D3D4-CC68-465E-986B-0E85A4D4690C}.Release|Any CPU.ActiveCfg = Release|Any CPU
		{0461D3D4-CC68-465E-986B-0E85A4D4690C}.Release|Any CPU.Build.0 = Release|Any CPU
		{7E2D6B52-7BD9-4338-928E-4E0951CE4779}.Debug|Any CPU.ActiveCfg = Debug|Any CPU
		{7E2D6B52-7BD9-4338-928E-4E0951CE4779}.Debug|Any CPU.Build.0 = Debug|Any CPU
		{7E2D6B52-7BD9-4338-928E-4E0951CE4779}.Release|Any CPU.ActiveCfg = Release|Any CPU
		{7E2D6B52-7BD9-4338-928E-4E0951CE4779}.Release|Any CPU.Build.0 = Release|Any CPU
		{53BE7DD9-31E6-4714-8D1D-10E2FF13A3D7}.Debug|Any CPU.ActiveCfg = Debug|Any CPU
		{53BE7DD9-31E6-4714-8D1D-10E2FF13A3D7}.Debug|Any CPU.Build.0 = Debug|Any CPU
		{53BE7DD9-31E6-4714-8D1D-10E2FF13A3D7}.Release|Any CPU.ActiveCfg = Release|Any CPU
		{53BE7DD9-31E6-4714-8D1D-10E2FF13A3D7}.Release|Any CPU.Build.0 = Release|Any CPU
		{4DC09C01-3008-4240-B226-8C5A91F7B9FD}.Debug|Any CPU.ActiveCfg = Debug|Any CPU
		{4DC09C01-3008-4240-B226-8C5A91F7B9FD}.Debug|Any CPU.Build.0 = Debug|Any CPU
		{4DC09C01-3008-4240-B226-8C5A91F7B9FD}.Release|Any CPU.ActiveCfg = Release|Any CPU
		{4DC09C01-3008-4240-B226-8C5A91F7B9FD}.Release|Any CPU.Build.0 = Release|Any CPU
		{FDEB8013-8192-447C-BB94-9EC09E1003C2}.Debug|Any CPU.ActiveCfg = Debug|Any CPU
		{FDEB8013-8192-447C-BB94-9EC09E1003C2}.Debug|Any CPU.Build.0 = Debug|Any CPU
		{FDEB8013-8192-447C-BB94-9EC09E1003C2}.Release|Any CPU.ActiveCfg = Release|Any CPU
		{FDEB8013-8192-447C-BB94-9EC09E1003C2}.Release|Any CPU.Build.0 = Release|Any CPU
		{93E414FA-4A6F-49BA-9D02-670DAF908190}.Debug|Any CPU.ActiveCfg = Debug|Any CPU
		{93E414FA-4A6F-49BA-9D02-670DAF908190}.Debug|Any CPU.Build.0 = Debug|Any CPU
		{93E414FA-4A6F-49BA-9D02-670DAF908190}.Release|Any CPU.ActiveCfg = Release|Any CPU
		{93E414FA-4A6F-49BA-9D02-670DAF908190}.Release|Any CPU.Build.0 = Release|Any CPU
		{13B0C945-87E7-4451-985F-E10B32C06C57}.Debug|Any CPU.ActiveCfg = Debug|Any CPU
		{13B0C945-87E7-4451-985F-E10B32C06C57}.Debug|Any CPU.Build.0 = Debug|Any CPU
		{13B0C945-87E7-4451-985F-E10B32C06C57}.Release|Any CPU.ActiveCfg = Release|Any CPU
		{13B0C945-87E7-4451-985F-E10B32C06C57}.Release|Any CPU.Build.0 = Release|Any CPU
		{61221753-27DC-40E9-92FC-B2E12738E6F6}.Debug|Any CPU.ActiveCfg = Debug|Any CPU
		{61221753-27DC-40E9-92FC-B2E12738E6F6}.Debug|Any CPU.Build.0 = Debug|Any CPU
		{61221753-27DC-40E9-92FC-B2E12738E6F6}.Release|Any CPU.ActiveCfg = Release|Any CPU
		{61221753-27DC-40E9-92FC-B2E12738E6F6}.Release|Any CPU.Build.0 = Release|Any CPU
		{1D190764-35C7-42CF-A653-2A638C29F7BC}.Debug|Any CPU.ActiveCfg = Debug|Any CPU
		{1D190764-35C7-42CF-A653-2A638C29F7BC}.Debug|Any CPU.Build.0 = Debug|Any CPU
		{1D190764-35C7-42CF-A653-2A638C29F7BC}.Release|Any CPU.ActiveCfg = Release|Any CPU
		{1D190764-35C7-42CF-A653-2A638C29F7BC}.Release|Any CPU.Build.0 = Release|Any CPU
		{5CE1D80F-AD82-4517-AAF1-EFB00768A01C}.Debug|Any CPU.ActiveCfg = Debug|Any CPU
		{5CE1D80F-AD82-4517-AAF1-EFB00768A01C}.Debug|Any CPU.Build.0 = Debug|Any CPU
		{5CE1D80F-AD82-4517-AAF1-EFB00768A01C}.Release|Any CPU.ActiveCfg = Release|Any CPU
		{5CE1D80F-AD82-4517-AAF1-EFB00768A01C}.Release|Any CPU.Build.0 = Release|Any CPU
		{05A048A8-1B1F-40B2-9E15-411CE6C1AB1C}.Debug|Any CPU.ActiveCfg = Debug|Any CPU
		{05A048A8-1B1F-40B2-9E15-411CE6C1AB1C}.Debug|Any CPU.Build.0 = Debug|Any CPU
		{05A048A8-1B1F-40B2-9E15-411CE6C1AB1C}.Release|Any CPU.ActiveCfg = Release|Any CPU
		{05A048A8-1B1F-40B2-9E15-411CE6C1AB1C}.Release|Any CPU.Build.0 = Release|Any CPU
		{3F315487-74E3-428A-9D70-FEE2839165C7}.Debug|Any CPU.ActiveCfg = Debug|Any CPU
		{3F315487-74E3-428A-9D70-FEE2839165C7}.Debug|Any CPU.Build.0 = Debug|Any CPU
		{3F315487-74E3-428A-9D70-FEE2839165C7}.Release|Any CPU.ActiveCfg = Release|Any CPU
		{3F315487-74E3-428A-9D70-FEE2839165C7}.Release|Any CPU.Build.0 = Release|Any CPU
		{6D9DCDFD-0C2D-4063-AE3A-74F5C81FF241}.Debug|Any CPU.ActiveCfg = Debug|Any CPU
		{6D9DCDFD-0C2D-4063-AE3A-74F5C81FF241}.Debug|Any CPU.Build.0 = Debug|Any CPU
		{6D9DCDFD-0C2D-4063-AE3A-74F5C81FF241}.Release|Any CPU.ActiveCfg = Release|Any CPU
		{6D9DCDFD-0C2D-4063-AE3A-74F5C81FF241}.Release|Any CPU.Build.0 = Release|Any CPU
		{851C5E15-A5FF-430F-939A-B30202189DD3}.Debug|Any CPU.ActiveCfg = Debug|Any CPU
		{851C5E15-A5FF-430F-939A-B30202189DD3}.Debug|Any CPU.Build.0 = Debug|Any CPU
		{851C5E15-A5FF-430F-939A-B30202189DD3}.Release|Any CPU.ActiveCfg = Release|Any CPU
		{851C5E15-A5FF-430F-939A-B30202189DD3}.Release|Any CPU.Build.0 = Release|Any CPU
		{27D118CA-43C6-4646-A498-C5A9D4733C5F}.Debug|Any CPU.ActiveCfg = Debug|Any CPU
		{27D118CA-43C6-4646-A498-C5A9D4733C5F}.Debug|Any CPU.Build.0 = Debug|Any CPU
		{27D118CA-43C6-4646-A498-C5A9D4733C5F}.Release|Any CPU.ActiveCfg = Release|Any CPU
		{27D118CA-43C6-4646-A498-C5A9D4733C5F}.Release|Any CPU.Build.0 = Release|Any CPU
		{31DCD8FB-56EA-4BB5-BC96-AEDDE6D91FB8}.Debug|Any CPU.ActiveCfg = Debug|Any CPU
		{31DCD8FB-56EA-4BB5-BC96-AEDDE6D91FB8}.Debug|Any CPU.Build.0 = Debug|Any CPU
		{31DCD8FB-56EA-4BB5-BC96-AEDDE6D91FB8}.Release|Any CPU.ActiveCfg = Release|Any CPU
		{31DCD8FB-56EA-4BB5-BC96-AEDDE6D91FB8}.Release|Any CPU.Build.0 = Release|Any CPU
		{87D991CA-F7C1-432D-9BFE-A412CA30A112}.Debug|Any CPU.ActiveCfg = Debug|Any CPU
		{87D991CA-F7C1-432D-9BFE-A412CA30A112}.Debug|Any CPU.Build.0 = Debug|Any CPU
		{87D991CA-F7C1-432D-9BFE-A412CA30A112}.Release|Any CPU.ActiveCfg = Release|Any CPU
		{87D991CA-F7C1-432D-9BFE-A412CA30A112}.Release|Any CPU.Build.0 = Release|Any CPU
		{B5A9D720-E5E5-4EE3-8384-EA20482D935E}.Debug|Any CPU.ActiveCfg = Debug|Any CPU
		{B5A9D720-E5E5-4EE3-8384-EA20482D935E}.Debug|Any CPU.Build.0 = Debug|Any CPU
		{B5A9D720-E5E5-4EE3-8384-EA20482D935E}.Release|Any CPU.ActiveCfg = Release|Any CPU
		{B5A9D720-E5E5-4EE3-8384-EA20482D935E}.Release|Any CPU.Build.0 = Release|Any CPU
		{75E825D3-3BB5-464A-9829-F436CFA4B063}.Debug|Any CPU.ActiveCfg = Debug|Any CPU
		{75E825D3-3BB5-464A-9829-F436CFA4B063}.Debug|Any CPU.Build.0 = Debug|Any CPU
		{75E825D3-3BB5-464A-9829-F436CFA4B063}.Release|Any CPU.ActiveCfg = Release|Any CPU
		{75E825D3-3BB5-464A-9829-F436CFA4B063}.Release|Any CPU.Build.0 = Release|Any CPU
		{3EA163A0-1CE9-403A-8D3B-96EE28D271B6}.Debug|Any CPU.ActiveCfg = Debug|Any CPU
		{3EA163A0-1CE9-403A-8D3B-96EE28D271B6}.Debug|Any CPU.Build.0 = Debug|Any CPU
		{3EA163A0-1CE9-403A-8D3B-96EE28D271B6}.Release|Any CPU.ActiveCfg = Release|Any CPU
		{3EA163A0-1CE9-403A-8D3B-96EE28D271B6}.Release|Any CPU.Build.0 = Release|Any CPU
		{C45F678D-38F2-4FD5-A9BC-BAEC5A09F7B2}.Debug|Any CPU.ActiveCfg = Debug|Any CPU
		{C45F678D-38F2-4FD5-A9BC-BAEC5A09F7B2}.Debug|Any CPU.Build.0 = Debug|Any CPU
		{C45F678D-38F2-4FD5-A9BC-BAEC5A09F7B2}.Release|Any CPU.ActiveCfg = Release|Any CPU
		{C45F678D-38F2-4FD5-A9BC-BAEC5A09F7B2}.Release|Any CPU.Build.0 = Release|Any CPU
		{3C5663FB-C70A-46DF-AB9E-34FF0741B633}.Debug|Any CPU.ActiveCfg = Debug|Any CPU
		{3C5663FB-C70A-46DF-AB9E-34FF0741B633}.Debug|Any CPU.Build.0 = Debug|Any CPU
		{3C5663FB-C70A-46DF-AB9E-34FF0741B633}.Release|Any CPU.ActiveCfg = Release|Any CPU
		{3C5663FB-C70A-46DF-AB9E-34FF0741B633}.Release|Any CPU.Build.0 = Release|Any CPU
		{2921179D-367B-46D6-8684-7EB20E1A4A4D}.Debug|Any CPU.ActiveCfg = Debug|Any CPU
		{2921179D-367B-46D6-8684-7EB20E1A4A4D}.Debug|Any CPU.Build.0 = Debug|Any CPU
		{2921179D-367B-46D6-8684-7EB20E1A4A4D}.Release|Any CPU.ActiveCfg = Release|Any CPU
		{2921179D-367B-46D6-8684-7EB20E1A4A4D}.Release|Any CPU.Build.0 = Release|Any CPU
		{DF9CDAEC-772A-4780-89C3-90136B9D09E3}.Debug|Any CPU.ActiveCfg = Debug|Any CPU
		{DF9CDAEC-772A-4780-89C3-90136B9D09E3}.Debug|Any CPU.Build.0 = Debug|Any CPU
		{DF9CDAEC-772A-4780-89C3-90136B9D09E3}.Release|Any CPU.ActiveCfg = Release|Any CPU
		{DF9CDAEC-772A-4780-89C3-90136B9D09E3}.Release|Any CPU.Build.0 = Release|Any CPU
		{123B97CC-6151-4AC8-9966-046A89323BDD}.Debug|Any CPU.ActiveCfg = Debug|Any CPU
		{123B97CC-6151-4AC8-9966-046A89323BDD}.Debug|Any CPU.Build.0 = Debug|Any CPU
		{123B97CC-6151-4AC8-9966-046A89323BDD}.Release|Any CPU.ActiveCfg = Release|Any CPU
		{123B97CC-6151-4AC8-9966-046A89323BDD}.Release|Any CPU.Build.0 = Release|Any CPU
		{C3CA1861-9B84-4F21-B239-2A48BEDD1193}.Debug|Any CPU.ActiveCfg = Debug|Any CPU
		{C3CA1861-9B84-4F21-B239-2A48BEDD1193}.Debug|Any CPU.Build.0 = Debug|Any CPU
		{C3CA1861-9B84-4F21-B239-2A48BEDD1193}.Release|Any CPU.ActiveCfg = Release|Any CPU
		{C3CA1861-9B84-4F21-B239-2A48BEDD1193}.Release|Any CPU.Build.0 = Release|Any CPU
		{F03801EA-F9A0-4ABA-8EF7-12D4DA610E7F}.Debug|Any CPU.ActiveCfg = Debug|Any CPU
		{F03801EA-F9A0-4ABA-8EF7-12D4DA610E7F}.Debug|Any CPU.Build.0 = Debug|Any CPU
		{F03801EA-F9A0-4ABA-8EF7-12D4DA610E7F}.Release|Any CPU.ActiveCfg = Release|Any CPU
		{F03801EA-F9A0-4ABA-8EF7-12D4DA610E7F}.Release|Any CPU.Build.0 = Release|Any CPU
		{27E23D90-BD68-4CB1-A473-608B4CBA4C1C}.Debug|Any CPU.ActiveCfg = Debug|Any CPU
		{27E23D90-BD68-4CB1-A473-608B4CBA4C1C}.Debug|Any CPU.Build.0 = Debug|Any CPU
		{27E23D90-BD68-4CB1-A473-608B4CBA4C1C}.Release|Any CPU.ActiveCfg = Release|Any CPU
		{27E23D90-BD68-4CB1-A473-608B4CBA4C1C}.Release|Any CPU.Build.0 = Release|Any CPU
		{E3118B61-A1AF-4B4A-BA65-505F0EA877A7}.Debug|Any CPU.ActiveCfg = Debug|Any CPU
		{E3118B61-A1AF-4B4A-BA65-505F0EA877A7}.Debug|Any CPU.Build.0 = Debug|Any CPU
		{E3118B61-A1AF-4B4A-BA65-505F0EA877A7}.Release|Any CPU.ActiveCfg = Release|Any CPU
		{E3118B61-A1AF-4B4A-BA65-505F0EA877A7}.Release|Any CPU.Build.0 = Release|Any CPU
		{2559802A-6097-42C4-A4B0-062105E1DAC9}.Debug|Any CPU.ActiveCfg = Debug|Any CPU
		{2559802A-6097-42C4-A4B0-062105E1DAC9}.Debug|Any CPU.Build.0 = Debug|Any CPU
		{2559802A-6097-42C4-A4B0-062105E1DAC9}.Release|Any CPU.ActiveCfg = Release|Any CPU
		{2559802A-6097-42C4-A4B0-062105E1DAC9}.Release|Any CPU.Build.0 = Release|Any CPU
		{588AB2C5-EA35-4294-99DC-262B12EBABC1}.Debug|Any CPU.ActiveCfg = Debug|Any CPU
		{588AB2C5-EA35-4294-99DC-262B12EBABC1}.Debug|Any CPU.Build.0 = Debug|Any CPU
		{588AB2C5-EA35-4294-99DC-262B12EBABC1}.Release|Any CPU.ActiveCfg = Release|Any CPU
		{588AB2C5-EA35-4294-99DC-262B12EBABC1}.Release|Any CPU.Build.0 = Release|Any CPU
	EndGlobalSection
	GlobalSection(SolutionProperties) = preSolution
		HideSolutionNode = FALSE
	EndGlobalSection
	GlobalSection(ExtensibilityGlobals) = postSolution
		SolutionGuid = {7C6F7B93-8F23-4222-ACAB-E1CF3B795C48}
	EndGlobalSection
EndGlobal
