
Microsoft Visual Studio Solution File, Format Version 12.00
# Visual Studio Version 16
VisualStudioVersion = 16.0.29009.5
MinimumVisualStudioVersion = 10.0.40219.1
Project("{FAE04EC0-301F-11D3-BF4B-00C04F79EFBC}") = "Q66_ConstuctMultiplyArray", "Q66_ConstuctMultiplyArray\Q66_ConstuctMultiplyArray.csproj", "{9E0F2111-96F9-47FB-909E-A8416470C851}"
EndProject
Project("{FAE04EC0-301F-11D3-BF4B-00C04F79EFBC}") = "Q05_ReplaceSpace", "Q05_ReplaceSpace\Q05_ReplaceSpace.csproj", "{D1599E55-2B1B-4C98-A2CC-36F4EFAA2328}"
EndProject
Project("{FAE04EC0-301F-11D3-BF4B-00C04F79EFBC}") = "Q19_RegularExpressionMatch", "Q19_RegularExpressionMatch\Q19_RegularExpressionMatch.csproj", "{01875538-7B04-421C-B927-C284ED0044F8}"
EndProject
Project("{FAE04EC0-301F-11D3-BF4B-00C04F79EFBC}") = "Q20_NumericStrings", "Q20_NumericStrings\Q20_NumericStrings.csproj", "{19411BB8-B7A8-422E-8F8F-A5137507DE65}"
EndProject
Project("{FAE04EC0-301F-11D3-BF4B-00C04F79EFBC}") = "Q50_02_FirstCharacterInStream", "Q50_02_FirstCharacterInStream\Q50_02_FirstCharacterInStream.csproj", "{4EEBC8DF-4087-4FF5-8634-7745D9EACC0B}"
EndProject
Project("{2150E333-8FDC-42A3-9474-1A3956D46DE8}") = "Solution Items", "Solution Items", "{3F208883-0961-4D6A-AD16-31BBA4E70D80}"
	ProjectSection(SolutionItems) = preProject
		TextFile1.txt = TextFile1.txt
	EndProjectSection
EndProject
Project("{FAE04EC0-301F-11D3-BF4B-00C04F79EFBC}") = "Q22_KthNodeFromEnd", "Q22_KthNodeFromEnd\Q22_KthNodeFromEnd.csproj", "{D1C6BA83-018D-4279-BC7F-FE87B2A55703}"
EndProject
Project("{FAE04EC0-301F-11D3-BF4B-00C04F79EFBC}") = "Q23_EntryNodeInListLoop", "Q23_EntryNodeInListLoop\Q23_EntryNodeInListLoop.csproj", "{0461D3D4-CC68-465E-986B-0E85A4D4690C}"
EndProject
Project("{FAE04EC0-301F-11D3-BF4B-00C04F79EFBC}") = "Q18_02_DeleteDuplicatedNode", "Q18_02_DeleteDuplicatedNode\Q18_02_DeleteDuplicatedNode.csproj", "{7E2D6B52-7BD9-4338-928E-4E0951CE4779}"
EndProject
Project("{FAE04EC0-301F-11D3-BF4B-00C04F79EFBC}") = "Q24_ReverseList", "Q24_ReverseList\Q24_ReverseList.csproj", "{53BE7DD9-31E6-4714-8D1D-10E2FF13A3D7}"
EndProject
Project("{FAE04EC0-301F-11D3-BF4B-00C04F79EFBC}") = "Q06_PrintListInReversedOrder", "Q06_PrintListInReversedOrder\Q06_PrintListInReversedOrder.csproj", "{4DC09C01-3008-4240-B226-8C5A91F7B9FD}"
EndProject
Project("{FAE04EC0-301F-11D3-BF4B-00C04F79EFBC}") = "Q25_MergeSortedLists", "Q25_MergeSortedLists\Q25_MergeSortedLists.csproj", "{FDEB8013-8192-447C-BB94-9EC09E1003C2}"
EndProject
Project("{FAE04EC0-301F-11D3-BF4B-00C04F79EFBC}") = "Q27_MirrorOfBinaryTree", "Q27_MirrorOfBinaryTree\Q27_MirrorOfBinaryTree.csproj", "{93E414FA-4A6F-49BA-9D02-670DAF908190}"
EndProject
Project("{FAE04EC0-301F-11D3-BF4B-00C04F79EFBC}") = "A_BinaryTreeTraversal", "A_BinaryTreeTraversal\A_BinaryTreeTraversal.csproj", "{13B0C945-87E7-4451-985F-E10B32C06C57}"
EndProject
Project("{FAE04EC0-301F-11D3-BF4B-00C04F79EFBC}") = "Q32_02_PrintTreesInLines", "Q32_02_PrintTreesInLines\Q32_02_PrintTreesInLines.csproj", "{61221753-27DC-40E9-92FC-B2E12738E6F6}"
EndProject
Project("{FAE04EC0-301F-11D3-BF4B-00C04F79EFBC}") = "Q55_01_TreeDepth", "Q55_01_TreeDepth\Q55_01_TreeDepth.csproj", "{1D190764-35C7-42CF-A653-2A638C29F7BC}"
EndProject
Project("{FAE04EC0-301F-11D3-BF4B-00C04F79EFBC}") = "Q28_SymmetricalBinaryTree", "Q28_SymmetricalBinaryTree\Q28_SymmetricalBinaryTree.csproj", "{5CE1D80F-AD82-4517-AAF1-EFB00768A01C}"
EndProject
Project("{FAE04EC0-301F-11D3-BF4B-00C04F79EFBC}") = "Q55_02_BalancedBinaryTree", "Q55_02_BalancedBinaryTree\Q55_02_BalancedBinaryTree.csproj", "{05A048A8-1B1F-40B2-9E15-411CE6C1AB1C}"
EndProject
Project("{FAE04EC0-301F-11D3-BF4B-00C04F79EFBC}") = "Q08_NextNodeInBinaryTrees", "Q08_NextNodeInBinaryTrees\Q08_NextNodeInBinaryTrees.csproj", "{3F315487-74E3-428A-9D70-FEE2839165C7}"
EndProject
Project("{FAE04EC0-301F-11D3-BF4B-00C04F79EFBC}") = "Q36_ConvertBinarySearchTree", "Q36_ConvertBinarySearchTree\Q36_ConvertBinarySearchTree.csproj", "{6D9DCDFD-0C2D-4063-AE3A-74F5C81FF241}"
EndProject
Project("{FAE04EC0-301F-11D3-BF4B-00C04F79EFBC}") = "Q34_PathInTree", "Q34_PathInTree\Q34_PathInTree.csproj", "{851C5E15-A5FF-430F-939A-B30202189DD3}"
EndProject
Project("{FAE04EC0-301F-11D3-BF4B-00C04F79EFBC}") = "Q33_SquenceOfBST", "Q33_SquenceOfBST\Q33_SquenceOfBST.csproj", "{27D118CA-43C6-4646-A498-C5A9D4733C5F}"
EndProject
Project("{FAE04EC0-301F-11D3-BF4B-00C04F79EFBC}") = "Q54_KthNodeInBST", "Q54_KthNodeInBST\Q54_KthNodeInBST.csproj", "{31DCD8FB-56EA-4BB5-BC96-AEDDE6D91FB8}"
EndProject
Project("{FAE04EC0-301F-11D3-BF4B-00C04F79EFBC}") = "Q26_SubstructureInTree", "Q26_SubstructureInTree\Q26_SubstructureInTree.csproj", "{87D991CA-F7C1-432D-9BFE-A412CA30A112}"
EndProject
Project("{FAE04EC0-301F-11D3-BF4B-00C04F79EFBC}") = "Q32_01_PrintTreeFromTopToBottom", "Q32_01_PrintTreeFromTopToBottom\Q32_01_PrintTreeFromTopToBottom.csproj", "{B5A9D720-E5E5-4EE3-8384-EA20482D935E}"
EndProject
Project("{FAE04EC0-301F-11D3-BF4B-00C04F79EFBC}") = "Q07_ConstructBinaryTree", "Q07_ConstructBinaryTree\Q07_ConstructBinaryTree.csproj", "{75E825D3-3BB5-464A-9829-F436CFA4B063}"
EndProject
Project("{FAE04EC0-301F-11D3-BF4B-00C04F79EFBC}") = "Q32_03_PrintTreesInZigzag", "Q32_03_PrintTreesInZigzag\Q32_03_PrintTreesInZigzag.csproj", "{3EA163A0-1CE9-403A-8D3B-96EE28D271B6}"
EndProject
Project("{FAE04EC0-301F-11D3-BF4B-00C04F79EFBC}") = "Q37_SerializeBinaryTrees", "Q37_SerializeBinaryTrees\Q37_SerializeBinaryTrees.csproj", "{C45F678D-38F2-4FD5-A9BC-BAEC5A09F7B2}"
EndProject
Project("{FAE04EC0-301F-11D3-BF4B-00C04F79EFBC}") = "Q11_MinNumberInRotatedArray", "Q11_MinNumberInRotatedArray\Q11_MinNumberInRotatedArray.csproj", "{3C5663FB-C70A-46DF-AB9E-34FF0741B633}"
EndProject
Project("{FAE04EC0-301F-11D3-BF4B-00C04F79EFBC}") = "Q03_01_DuplicationInArray", "Q03_01_DuplicationInArray\Q03_01_DuplicationInArray.csproj", "{2921179D-367B-46D6-8684-7EB20E1A4A4D}"
EndProject
Project("{FAE04EC0-301F-11D3-BF4B-00C04F79EFBC}") = "Q10_01_Fibonacci", "Q10_01_Fibonacci\Q10_01_Fibonacci.csproj", "{DF9CDAEC-772A-4780-89C3-90136B9D09E3}"
EndProject
Project("{FAE04EC0-301F-11D3-BF4B-00C04F79EFBC}") = "Q10_02_JumpTheStairs", "Q10_02_JumpTheStairs\Q10_02_JumpTheStairs.csproj", "{123B97CC-6151-4AC8-9966-046A89323BDD}"
EndProject
Project("{FAE04EC0-301F-11D3-BF4B-00C04F79EFBC}") = "Q15_NumberOf1InBinary", "Q15_NumberOf1InBinary\Q15_NumberOf1InBinary.csproj", "{C3CA1861-9B84-4F21-B239-2A48BEDD1193}"
EndProject
Project("{FAE04EC0-301F-11D3-BF4B-00C04F79EFBC}") = "Q17_Print1ToMaxOfNDigits", "Q17_Print1ToMaxOfNDigits\Q17_Print1ToMaxOfNDigits.csproj", "{F03801EA-F9A0-4ABA-8EF7-12D4DA610E7F}"
EndProject
Project("{FAE04EC0-301F-11D3-BF4B-00C04F79EFBC}") = "Q16_Power", "Q16_Power\Q16_Power.csproj", "{27E23D90-BD68-4CB1-A473-608B4CBA4C1C}"
EndProject
Project("{FAE04EC0-301F-11D3-BF4B-00C04F79EFBC}") = "Q29_PrintMatrix", "Q29_PrintMatrix\Q29_PrintMatrix.csproj", "{E3118B61-A1AF-4B4A-BA65-505F0EA877A7}"
EndProject
Project("{FAE04EC0-301F-11D3-BF4B-00C04F79EFBC}") = "Q38_StringPermutation", "Q38_StringPermutation\Q38_StringPermutation.csproj", "{2559802A-6097-42C4-A4B0-062105E1DAC9}"
EndProject
Project("{FAE04EC0-301F-11D3-BF4B-00C04F79EFBC}") = "Q30_MinInStack", "Q30_MinInStack\Q30_MinInStack.csproj", "{588AB2C5-EA35-4294-99DC-262B12EBABC1}"
EndProject
Project("{FAE04EC0-301F-11D3-BF4B-00C04F79EFBC}") = "Q09_QueueWithTwoStacks", "Q09_QueueWithTwoStacks\Q09_QueueWithTwoStacks.csproj", "{1EEA256A-7C97-4EEA-A60C-E93A81FF1D6C}"
EndProject
Project("{FAE04EC0-301F-11D3-BF4B-00C04F79EFBC}") = "Q04_FindInPartiallySortedMatrix", "Q04_FindInPartiallySortedMatrix\Q04_FindInPartiallySortedMatrix.csproj", "{0EA2AAEC-1548-4C44-A9B3-DFF9EDA72DCB}"
EndProject
Project("{FAE04EC0-301F-11D3-BF4B-00C04F79EFBC}") = "Q31_StackPushPopOrder", "Q31_StackPushPopOrder\Q31_StackPushPopOrder.csproj", "{11563C81-005A-4694-8154-F67AC26D1B11}"
EndProject
Project("{FAE04EC0-301F-11D3-BF4B-00C04F79EFBC}") = "Q40_KLeastNumbers", "Q40_KLeastNumbers\Q40_KLeastNumbers.csproj", "{16BB210E-0E95-405C-A204-E9836BC82713}"
EndProject
Project("{FAE04EC0-301F-11D3-BF4B-00C04F79EFBC}") = "Q12_StringPathInMatrix", "Q12_StringPathInMatrix\Q12_StringPathInMatrix.csproj", "{B3F50B82-58E6-4DB7-A0F1-3E290C92E533}"
EndProject
Project("{FAE04EC0-301F-11D3-BF4B-00C04F79EFBC}") = "Q13_RobotMove", "Q13_RobotMove\Q13_RobotMove.csproj", "{9E5CAA50-FC8D-4A24-A71F-D7FE69D10411}"
EndProject
Project("{FAE04EC0-301F-11D3-BF4B-00C04F79EFBC}") = "Q18_01_DeleteNodeInList", "Q18_01_DeleteNodeInList\Q18_01_DeleteNodeInList.csproj", "{CB495719-B9AD-4B8B-80EF-1EAD86DF3CD4}"
EndProject
Project("{FAE04EC0-301F-11D3-BF4B-00C04F79EFBC}") = "Q35_CopyComplexList", "Q35_CopyComplexList\Q35_CopyComplexList.csproj", "{273CE071-986A-4209-9C27-6409F72E16C6}"
EndProject
Project("{FAE04EC0-301F-11D3-BF4B-00C04F79EFBC}") = "Q50_01_FirstNotRepeatingChar", "Q50_01_FirstNotRepeatingChar\Q50_01_FirstNotRepeatingChar.csproj", "{8FDF4753-01A8-4FC3-8245-EB1E281DA02F}"
EndProject
Project("{FAE04EC0-301F-11D3-BF4B-00C04F79EFBC}") = "Q64_Accumulate", "Q64_Accumulate\Q64_Accumulate.csproj", "{FB9FAF68-37A4-436B-AF2E-E21F8D6B40A7}"
EndProject
Project("{FAE04EC0-301F-11D3-BF4B-00C04F79EFBC}") = "Q62_LastNumberInCircle", "Q62_LastNumberInCircle\Q62_LastNumberInCircle.csproj", "{23F6429D-1BDD-407A-9289-060A03E0A42E}"
EndProject
Project("{FAE04EC0-301F-11D3-BF4B-00C04F79EFBC}") = "Q21_ReorderArray", "Q21_ReorderArray\Q21_ReorderArray.csproj", "{B175703A-6AFF-4948-9289-1D88011D101F}"
EndProject
Project("{FAE04EC0-301F-11D3-BF4B-00C04F79EFBC}") = "Q39_MoreThanHalfNumber", "Q39_MoreThanHalfNumber\Q39_MoreThanHalfNumber.csproj", "{9A35E7B1-828D-43DB-AD81-BB57A2C30790}"
EndProject
Project("{FAE04EC0-301F-11D3-BF4B-00C04F79EFBC}") = "Q52_FirstCommonNodesInLists", "Q52_FirstCommonNodesInLists\Q52_FirstCommonNodesInLists.csproj", "{30A32B18-778A-42D9-87AB-671E2BE28055}"
EndProject
Project("{FAE04EC0-301F-11D3-BF4B-00C04F79EFBC}") = "Q57_01_TwoNumbersWithSum", "Q57_01_TwoNumbersWithSum\Q57_01_TwoNumbersWithSum.csproj", "{BD76C0EC-8B75-49D0-AEAC-2D9C625D2CBF}"
EndProject
Project("{FAE04EC0-301F-11D3-BF4B-00C04F79EFBC}") = "Q57_02_ContinuousSquenceWithSum", "Q57_02_ContinuousSquenceWithSum\Q57_02_ContinuousSquenceWithSum.csproj", "{204F18C4-83C7-4A70-8D25-E85369FFD266}"
EndProject
Project("{FAE04EC0-301F-11D3-BF4B-00C04F79EFBC}") = "Q53_01_NumberOfK", "Q53_01_NumberOfK\Q53_01_NumberOfK.csproj", "{3C0D8297-43A3-45D6-B858-67E1771B20A6}"
EndProject
Project("{FAE04EC0-301F-11D3-BF4B-00C04F79EFBC}") = "Q53_02_MissingNumber", "Q53_02_MissingNumber\Q53_02_MissingNumber.csproj", "{EEAB7067-7814-4AE3-BFD8-E441C572583E}"
EndProject
Project("{FAE04EC0-301F-11D3-BF4B-00C04F79EFBC}") = "Q59_01_MaxInSlidingWindow", "Q59_01_MaxInSlidingWindow\Q59_01_MaxInSlidingWindow.csproj", "{E8B528C3-C643-489E-AEED-B547F9818AE2}"
EndProject
Project("{FAE04EC0-301F-11D3-BF4B-00C04F79EFBC}") = "Q59_02_QueueWithMax", "Q59_02_QueueWithMax\Q59_02_QueueWithMax.csproj", "{29719BF2-FE96-46CD-9B2D-7A1F8F8A3627}"
EndProject
Project("{FAE04EC0-301F-11D3-BF4B-00C04F79EFBC}") = "Q56_01_NumbersAppearOnce", "Q56_01_NumbersAppearOnce\Q56_01_NumbersAppearOnce.csproj", "{3C672011-706D-4D57-A8FB-69B0DA75AA87}"
EndProject
Project("{FAE04EC0-301F-11D3-BF4B-00C04F79EFBC}") = "Q56_02_NumberAppearingOnce", "Q56_02_NumberAppearingOnce\Q56_02_NumberAppearingOnce.csproj", "{8B83EFDB-B12B-4A0A-BE0B-E8808CC260FD}"
EndProject
Project("{FAE04EC0-301F-11D3-BF4B-00C04F79EFBC}") = "Q41_StreamMedian", "Q41_StreamMedian\Q41_StreamMedian.csproj", "{CD7031EA-4383-4460-9B51-A44280AE8D48}"
EndProject
Project("{FAE04EC0-301F-11D3-BF4B-00C04F79EFBC}") = "Q49_UglyNumber", "Q49_UglyNumber\Q49_UglyNumber.csproj", "{5B6771A7-D398-4A3D-956D-E54CB9EA9D19}"
EndProject
Project("{FAE04EC0-301F-11D3-BF4B-00C04F79EFBC}") = "Q65_AddTwoNumbers", "Q65_AddTwoNumbers\Q65_AddTwoNumbers.csproj", "{1BCAE9A7-C09D-466E-A747-B1B994FBDF0E}"
EndProject
Project("{FAE04EC0-301F-11D3-BF4B-00C04F79EFBC}") = "Q60_DicesProbability", "Q60_DicesProbability\Q60_DicesProbability.csproj", "{AAAAA770-AA92-4D75-AB93-FF1A84D7007B}"
EndProject
Project("{FAE04EC0-301F-11D3-BF4B-00C04F79EFBC}") = "Q46_TranslateNumbersToStrings", "Q46_TranslateNumbersToStrings\Q46_TranslateNumbersToStrings.csproj", "{70F0E787-2E87-4692-A1FA-23DE71E3B2E6}"
EndProject
Project("{FAE04EC0-301F-11D3-BF4B-00C04F79EFBC}") = "Q14_01_CuttingRope1", "Q14_01_CuttingRope1\Q14_01_CuttingRope1.csproj", "{70FB46E1-ABCF-4445-8362-CB613F6CE767}"
EndProject
Project("{FAE04EC0-301F-11D3-BF4B-00C04F79EFBC}") = "Q14_02_CuttingRope2", "Q14_02_CuttingRope2\Q14_02_CuttingRope2.csproj", "{DE8C7327-D28B-4770-9114-D7EC80786A0A}"
EndProject
Project("{FAE04EC0-301F-11D3-BF4B-00C04F79EFBC}") = "Q43_NumberOf1", "Q43_NumberOf1\Q43_NumberOf1.csproj", "{E37BE672-055C-403D-81EE-42CEDE078A7F}"
EndProject
Project("{FAE04EC0-301F-11D3-BF4B-00C04F79EFBC}") = "Q63_MaximalProfit", "Q63_MaximalProfit\Q63_MaximalProfit.csproj", "{70F5CA2C-5798-4B92-A707-53D04D2C4239}"
EndProject
Project("{FAE04EC0-301F-11D3-BF4B-00C04F79EFBC}") = "Q42_GreatestSumOfSubarrays", "Q42_GreatestSumOfSubarrays\Q42_GreatestSumOfSubarrays.csproj", "{B93D1845-49C5-499C-9902-72DB8874D471}"
EndProject
Project("{FAE04EC0-301F-11D3-BF4B-00C04F79EFBC}") = "Q58_01_ReverseWordsInSentence", "Q58_01_ReverseWordsInSentence\Q58_01_ReverseWordsInSentence.csproj", "{46DA1D8D-BBD4-420A-9CED-26981552CB06}"
EndProject
Project("{FAE04EC0-301F-11D3-BF4B-00C04F79EFBC}") = "Q58_02_LeftRotateString", "Q58_02_LeftRotateString\Q58_02_LeftRotateString.csproj", "{55CE89FD-E61E-478B-A08F-7436E828DA9D}"
EndProject
Project("{FAE04EC0-301F-11D3-BF4B-00C04F79EFBC}") = "Q61_ContinousCards", "Q61_ContinousCards\Q61_ContinousCards.csproj", "{E7F36128-578E-461C-926D-A4EA1DC47B8D}"
EndProject
Project("{FAE04EC0-301F-11D3-BF4B-00C04F79EFBC}") = "Q47_MaxValueOfGifts", "Q47_MaxValueOfGifts\Q47_MaxValueOfGifts.csproj", "{1D251795-1952-4543-9493-8480E1AEA59E}"
EndProject
Project("{FAE04EC0-301F-11D3-BF4B-00C04F79EFBC}") = "Q44_DigitsInSequence", "Q44_DigitsInSequence\Q44_DigitsInSequence.csproj", "{9009984A-7EFD-46C3-A300-A3139A75200A}"
EndProject
Project("{FAE04EC0-301F-11D3-BF4B-00C04F79EFBC}") = "Q51_InversePairs", "Q51_InversePairs\Q51_InversePairs.csproj", "{6FD8EB43-A875-4201-9A97-17D4D0417FBF}"
EndProject
Project("{FAE04EC0-301F-11D3-BF4B-00C04F79EFBC}") = "Q48_LongestSubstringWithoutDup", "Q48_LongestSubstringWithoutDup\Q48_LongestSubstringWithoutDup.csproj", "{402BC7B5-F24D-4F0A-83AF-8C21DB05934D}"
EndProject
Global
	GlobalSection(SolutionConfigurationPlatforms) = preSolution
		Debug|Any CPU = Debug|Any CPU
		Release|Any CPU = Release|Any CPU
	EndGlobalSection
	GlobalSection(ProjectConfigurationPlatforms) = postSolution
		{9E0F2111-96F9-47FB-909E-A8416470C851}.Debug|Any CPU.ActiveCfg = Debug|Any CPU
		{9E0F2111-96F9-47FB-909E-A8416470C851}.Debug|Any CPU.Build.0 = Debug|Any CPU
		{9E0F2111-96F9-47FB-909E-A8416470C851}.Release|Any CPU.ActiveCfg = Release|Any CPU
		{9E0F2111-96F9-47FB-909E-A8416470C851}.Release|Any CPU.Build.0 = Release|Any CPU
		{D1599E55-2B1B-4C98-A2CC-36F4EFAA2328}.Debug|Any CPU.ActiveCfg = Debug|Any CPU
		{D1599E55-2B1B-4C98-A2CC-36F4EFAA2328}.Debug|Any CPU.Build.0 = Debug|Any CPU
		{D1599E55-2B1B-4C98-A2CC-36F4EFAA2328}.Release|Any CPU.ActiveCfg = Release|Any CPU
		{D1599E55-2B1B-4C98-A2CC-36F4EFAA2328}.Release|Any CPU.Build.0 = Release|Any CPU
		{01875538-7B04-421C-B927-C284ED0044F8}.Debug|Any CPU.ActiveCfg = Debug|Any CPU
		{01875538-7B04-421C-B927-C284ED0044F8}.Debug|Any CPU.Build.0 = Debug|Any CPU
		{01875538-7B04-421C-B927-C284ED0044F8}.Release|Any CPU.ActiveCfg = Release|Any CPU
		{01875538-7B04-421C-B927-C284ED0044F8}.Release|Any CPU.Build.0 = Release|Any CPU
		{19411BB8-B7A8-422E-8F8F-A5137507DE65}.Debug|Any CPU.ActiveCfg = Debug|Any CPU
		{19411BB8-B7A8-422E-8F8F-A5137507DE65}.Debug|Any CPU.Build.0 = Debug|Any CPU
		{19411BB8-B7A8-422E-8F8F-A5137507DE65}.Release|Any CPU.ActiveCfg = Release|Any CPU
		{19411BB8-B7A8-422E-8F8F-A5137507DE65}.Release|Any CPU.Build.0 = Release|Any CPU
		{4EEBC8DF-4087-4FF5-8634-7745D9EACC0B}.Debug|Any CPU.ActiveCfg = Debug|Any CPU
		{4EEBC8DF-4087-4FF5-8634-7745D9EACC0B}.Debug|Any CPU.Build.0 = Debug|Any CPU
		{4EEBC8DF-4087-4FF5-8634-7745D9EACC0B}.Release|Any CPU.ActiveCfg = Release|Any CPU
		{4EEBC8DF-4087-4FF5-8634-7745D9EACC0B}.Release|Any CPU.Build.0 = Release|Any CPU
		{D1C6BA83-018D-4279-BC7F-FE87B2A55703}.Debug|Any CPU.ActiveCfg = Debug|Any CPU
		{D1C6BA83-018D-4279-BC7F-FE87B2A55703}.Debug|Any CPU.Build.0 = Debug|Any CPU
		{D1C6BA83-018D-4279-BC7F-FE87B2A55703}.Release|Any CPU.ActiveCfg = Release|Any CPU
		{D1C6BA83-018D-4279-BC7F-FE87B2A55703}.Release|Any CPU.Build.0 = Release|Any CPU
		{0461D3D4-CC68-465E-986B-0E85A4D4690C}.Debug|Any CPU.ActiveCfg = Debug|Any CPU
		{0461D3D4-CC68-465E-986B-0E85A4D4690C}.Debug|Any CPU.Build.0 = Debug|Any CPU
		{0461D3D4-CC68-465E-986B-0E85A4D4690C}.Release|Any CPU.ActiveCfg = Release|Any CPU
		{0461D3D4-CC68-465E-986B-0E85A4D4690C}.Release|Any CPU.Build.0 = Release|Any CPU
		{7E2D6B52-7BD9-4338-928E-4E0951CE4779}.Debug|Any CPU.ActiveCfg = Debug|Any CPU
		{7E2D6B52-7BD9-4338-928E-4E0951CE4779}.Debug|Any CPU.Build.0 = Debug|Any CPU
		{7E2D6B52-7BD9-4338-928E-4E0951CE4779}.Release|Any CPU.ActiveCfg = Release|Any CPU
		{7E2D6B52-7BD9-4338-928E-4E0951CE4779}.Release|Any CPU.Build.0 = Release|Any CPU
		{53BE7DD9-31E6-4714-8D1D-10E2FF13A3D7}.Debug|Any CPU.ActiveCfg = Debug|Any CPU
		{53BE7DD9-31E6-4714-8D1D-10E2FF13A3D7}.Debug|Any CPU.Build.0 = Debug|Any CPU
		{53BE7DD9-31E6-4714-8D1D-10E2FF13A3D7}.Release|Any CPU.ActiveCfg = Release|Any CPU
		{53BE7DD9-31E6-4714-8D1D-10E2FF13A3D7}.Release|Any CPU.Build.0 = Release|Any CPU
		{4DC09C01-3008-4240-B226-8C5A91F7B9FD}.Debug|Any CPU.ActiveCfg = Debug|Any CPU
		{4DC09C01-3008-4240-B226-8C5A91F7B9FD}.Debug|Any CPU.Build.0 = Debug|Any CPU
		{4DC09C01-3008-4240-B226-8C5A91F7B9FD}.Release|Any CPU.ActiveCfg = Release|Any CPU
		{4DC09C01-3008-4240-B226-8C5A91F7B9FD}.Release|Any CPU.Build.0 = Release|Any CPU
		{FDEB8013-8192-447C-BB94-9EC09E1003C2}.Debug|Any CPU.ActiveCfg = Debug|Any CPU
		{FDEB8013-8192-447C-BB94-9EC09E1003C2}.Debug|Any CPU.Build.0 = Debug|Any CPU
		{FDEB8013-8192-447C-BB94-9EC09E1003C2}.Release|Any CPU.ActiveCfg = Release|Any CPU
		{FDEB8013-8192-447C-BB94-9EC09E1003C2}.Release|Any CPU.Build.0 = Release|Any CPU
		{93E414FA-4A6F-49BA-9D02-670DAF908190}.Debug|Any CPU.ActiveCfg = Debug|Any CPU
		{93E414FA-4A6F-49BA-9D02-670DAF908190}.Debug|Any CPU.Build.0 = Debug|Any CPU
		{93E414FA-4A6F-49BA-9D02-670DAF908190}.Release|Any CPU.ActiveCfg = Release|Any CPU
		{93E414FA-4A6F-49BA-9D02-670DAF908190}.Release|Any CPU.Build.0 = Release|Any CPU
		{13B0C945-87E7-4451-985F-E10B32C06C57}.Debug|Any CPU.ActiveCfg = Debug|Any CPU
		{13B0C945-87E7-4451-985F-E10B32C06C57}.Debug|Any CPU.Build.0 = Debug|Any CPU
		{13B0C945-87E7-4451-985F-E10B32C06C57}.Release|Any CPU.ActiveCfg = Release|Any CPU
		{13B0C945-87E7-4451-985F-E10B32C06C57}.Release|Any CPU.Build.0 = Release|Any CPU
		{61221753-27DC-40E9-92FC-B2E12738E6F6}.Debug|Any CPU.ActiveCfg = Debug|Any CPU
		{61221753-27DC-40E9-92FC-B2E12738E6F6}.Debug|Any CPU.Build.0 = Debug|Any CPU
		{61221753-27DC-40E9-92FC-B2E12738E6F6}.Release|Any CPU.ActiveCfg = Release|Any CPU
		{61221753-27DC-40E9-92FC-B2E12738E6F6}.Release|Any CPU.Build.0 = Release|Any CPU
		{1D190764-35C7-42CF-A653-2A638C29F7BC}.Debug|Any CPU.ActiveCfg = Debug|Any CPU
		{1D190764-35C7-42CF-A653-2A638C29F7BC}.Debug|Any CPU.Build.0 = Debug|Any CPU
		{1D190764-35C7-42CF-A653-2A638C29F7BC}.Release|Any CPU.ActiveCfg = Release|Any CPU
		{1D190764-35C7-42CF-A653-2A638C29F7BC}.Release|Any CPU.Build.0 = Release|Any CPU
		{5CE1D80F-AD82-4517-AAF1-EFB00768A01C}.Debug|Any CPU.ActiveCfg = Debug|Any CPU
		{5CE1D80F-AD82-4517-AAF1-EFB00768A01C}.Debug|Any CPU.Build.0 = Debug|Any CPU
		{5CE1D80F-AD82-4517-AAF1-EFB00768A01C}.Release|Any CPU.ActiveCfg = Release|Any CPU
		{5CE1D80F-AD82-4517-AAF1-EFB00768A01C}.Release|Any CPU.Build.0 = Release|Any CPU
		{05A048A8-1B1F-40B2-9E15-411CE6C1AB1C}.Debug|Any CPU.ActiveCfg = Debug|Any CPU
		{05A048A8-1B1F-40B2-9E15-411CE6C1AB1C}.Debug|Any CPU.Build.0 = Debug|Any CPU
		{05A048A8-1B1F-40B2-9E15-411CE6C1AB1C}.Release|Any CPU.ActiveCfg = Release|Any CPU
		{05A048A8-1B1F-40B2-9E15-411CE6C1AB1C}.Release|Any CPU.Build.0 = Release|Any CPU
		{3F315487-74E3-428A-9D70-FEE2839165C7}.Debug|Any CPU.ActiveCfg = Debug|Any CPU
		{3F315487-74E3-428A-9D70-FEE2839165C7}.Debug|Any CPU.Build.0 = Debug|Any CPU
		{3F315487-74E3-428A-9D70-FEE2839165C7}.Release|Any CPU.ActiveCfg = Release|Any CPU
		{3F315487-74E3-428A-9D70-FEE2839165C7}.Release|Any CPU.Build.0 = Release|Any CPU
		{6D9DCDFD-0C2D-4063-AE3A-74F5C81FF241}.Debug|Any CPU.ActiveCfg = Debug|Any CPU
		{6D9DCDFD-0C2D-4063-AE3A-74F5C81FF241}.Debug|Any CPU.Build.0 = Debug|Any CPU
		{6D9DCDFD-0C2D-4063-AE3A-74F5C81FF241}.Release|Any CPU.ActiveCfg = Release|Any CPU
		{6D9DCDFD-0C2D-4063-AE3A-74F5C81FF241}.Release|Any CPU.Build.0 = Release|Any CPU
		{851C5E15-A5FF-430F-939A-B30202189DD3}.Debug|Any CPU.ActiveCfg = Debug|Any CPU
		{851C5E15-A5FF-430F-939A-B30202189DD3}.Debug|Any CPU.Build.0 = Debug|Any CPU
		{851C5E15-A5FF-430F-939A-B30202189DD3}.Release|Any CPU.ActiveCfg = Release|Any CPU
		{851C5E15-A5FF-430F-939A-B30202189DD3}.Release|Any CPU.Build.0 = Release|Any CPU
		{27D118CA-43C6-4646-A498-C5A9D4733C5F}.Debug|Any CPU.ActiveCfg = Debug|Any CPU
		{27D118CA-43C6-4646-A498-C5A9D4733C5F}.Debug|Any CPU.Build.0 = Debug|Any CPU
		{27D118CA-43C6-4646-A498-C5A9D4733C5F}.Release|Any CPU.ActiveCfg = Release|Any CPU
		{27D118CA-43C6-4646-A498-C5A9D4733C5F}.Release|Any CPU.Build.0 = Release|Any CPU
		{31DCD8FB-56EA-4BB5-BC96-AEDDE6D91FB8}.Debug|Any CPU.ActiveCfg = Debug|Any CPU
		{31DCD8FB-56EA-4BB5-BC96-AEDDE6D91FB8}.Debug|Any CPU.Build.0 = Debug|Any CPU
		{31DCD8FB-56EA-4BB5-BC96-AEDDE6D91FB8}.Release|Any CPU.ActiveCfg = Release|Any CPU
		{31DCD8FB-56EA-4BB5-BC96-AEDDE6D91FB8}.Release|Any CPU.Build.0 = Release|Any CPU
		{87D991CA-F7C1-432D-9BFE-A412CA30A112}.Debug|Any CPU.ActiveCfg = Debug|Any CPU
		{87D991CA-F7C1-432D-9BFE-A412CA30A112}.Debug|Any CPU.Build.0 = Debug|Any CPU
		{87D991CA-F7C1-432D-9BFE-A412CA30A112}.Release|Any CPU.ActiveCfg = Release|Any CPU
		{87D991CA-F7C1-432D-9BFE-A412CA30A112}.Release|Any CPU.Build.0 = Release|Any CPU
		{B5A9D720-E5E5-4EE3-8384-EA20482D935E}.Debug|Any CPU.ActiveCfg = Debug|Any CPU
		{B5A9D720-E5E5-4EE3-8384-EA20482D935E}.Debug|Any CPU.Build.0 = Debug|Any CPU
		{B5A9D720-E5E5-4EE3-8384-EA20482D935E}.Release|Any CPU.ActiveCfg = Release|Any CPU
		{B5A9D720-E5E5-4EE3-8384-EA20482D935E}.Release|Any CPU.Build.0 = Release|Any CPU
		{75E825D3-3BB5-464A-9829-F436CFA4B063}.Debug|Any CPU.ActiveCfg = Debug|Any CPU
		{75E825D3-3BB5-464A-9829-F436CFA4B063}.Debug|Any CPU.Build.0 = Debug|Any CPU
		{75E825D3-3BB5-464A-9829-F436CFA4B063}.Release|Any CPU.ActiveCfg = Release|Any CPU
		{75E825D3-3BB5-464A-9829-F436CFA4B063}.Release|Any CPU.Build.0 = Release|Any CPU
		{3EA163A0-1CE9-403A-8D3B-96EE28D271B6}.Debug|Any CPU.ActiveCfg = Debug|Any CPU
		{3EA163A0-1CE9-403A-8D3B-96EE28D271B6}.Debug|Any CPU.Build.0 = Debug|Any CPU
		{3EA163A0-1CE9-403A-8D3B-96EE28D271B6}.Release|Any CPU.ActiveCfg = Release|Any CPU
		{3EA163A0-1CE9-403A-8D3B-96EE28D271B6}.Release|Any CPU.Build.0 = Release|Any CPU
		{C45F678D-38F2-4FD5-A9BC-BAEC5A09F7B2}.Debug|Any CPU.ActiveCfg = Debug|Any CPU
		{C45F678D-38F2-4FD5-A9BC-BAEC5A09F7B2}.Debug|Any CPU.Build.0 = Debug|Any CPU
		{C45F678D-38F2-4FD5-A9BC-BAEC5A09F7B2}.Release|Any CPU.ActiveCfg = Release|Any CPU
		{C45F678D-38F2-4FD5-A9BC-BAEC5A09F7B2}.Release|Any CPU.Build.0 = Release|Any CPU
		{3C5663FB-C70A-46DF-AB9E-34FF0741B633}.Debug|Any CPU.ActiveCfg = Debug|Any CPU
		{3C5663FB-C70A-46DF-AB9E-34FF0741B633}.Debug|Any CPU.Build.0 = Debug|Any CPU
		{3C5663FB-C70A-46DF-AB9E-34FF0741B633}.Release|Any CPU.ActiveCfg = Release|Any CPU
		{3C5663FB-C70A-46DF-AB9E-34FF0741B633}.Release|Any CPU.Build.0 = Release|Any CPU
		{2921179D-367B-46D6-8684-7EB20E1A4A4D}.Debug|Any CPU.ActiveCfg = Debug|Any CPU
		{2921179D-367B-46D6-8684-7EB20E1A4A4D}.Debug|Any CPU.Build.0 = Debug|Any CPU
		{2921179D-367B-46D6-8684-7EB20E1A4A4D}.Release|Any CPU.ActiveCfg = Release|Any CPU
		{2921179D-367B-46D6-8684-7EB20E1A4A4D}.Release|Any CPU.Build.0 = Release|Any CPU
		{DF9CDAEC-772A-4780-89C3-90136B9D09E3}.Debug|Any CPU.ActiveCfg = Debug|Any CPU
		{DF9CDAEC-772A-4780-89C3-90136B9D09E3}.Debug|Any CPU.Build.0 = Debug|Any CPU
		{DF9CDAEC-772A-4780-89C3-90136B9D09E3}.Release|Any CPU.ActiveCfg = Release|Any CPU
		{DF9CDAEC-772A-4780-89C3-90136B9D09E3}.Release|Any CPU.Build.0 = Release|Any CPU
		{123B97CC-6151-4AC8-9966-046A89323BDD}.Debug|Any CPU.ActiveCfg = Debug|Any CPU
		{123B97CC-6151-4AC8-9966-046A89323BDD}.Debug|Any CPU.Build.0 = Debug|Any CPU
		{123B97CC-6151-4AC8-9966-046A89323BDD}.Release|Any CPU.ActiveCfg = Release|Any CPU
		{123B97CC-6151-4AC8-9966-046A89323BDD}.Release|Any CPU.Build.0 = Release|Any CPU
		{C3CA1861-9B84-4F21-B239-2A48BEDD1193}.Debug|Any CPU.ActiveCfg = Debug|Any CPU
		{C3CA1861-9B84-4F21-B239-2A48BEDD1193}.Debug|Any CPU.Build.0 = Debug|Any CPU
		{C3CA1861-9B84-4F21-B239-2A48BEDD1193}.Release|Any CPU.ActiveCfg = Release|Any CPU
		{C3CA1861-9B84-4F21-B239-2A48BEDD1193}.Release|Any CPU.Build.0 = Release|Any CPU
		{F03801EA-F9A0-4ABA-8EF7-12D4DA610E7F}.Debug|Any CPU.ActiveCfg = Debug|Any CPU
		{F03801EA-F9A0-4ABA-8EF7-12D4DA610E7F}.Debug|Any CPU.Build.0 = Debug|Any CPU
		{F03801EA-F9A0-4ABA-8EF7-12D4DA610E7F}.Release|Any CPU.ActiveCfg = Release|Any CPU
		{F03801EA-F9A0-4ABA-8EF7-12D4DA610E7F}.Release|Any CPU.Build.0 = Release|Any CPU
		{27E23D90-BD68-4CB1-A473-608B4CBA4C1C}.Debug|Any CPU.ActiveCfg = Debug|Any CPU
		{27E23D90-BD68-4CB1-A473-608B4CBA4C1C}.Debug|Any CPU.Build.0 = Debug|Any CPU
		{27E23D90-BD68-4CB1-A473-608B4CBA4C1C}.Release|Any CPU.ActiveCfg = Release|Any CPU
		{27E23D90-BD68-4CB1-A473-608B4CBA4C1C}.Release|Any CPU.Build.0 = Release|Any CPU
		{E3118B61-A1AF-4B4A-BA65-505F0EA877A7}.Debug|Any CPU.ActiveCfg = Debug|Any CPU
		{E3118B61-A1AF-4B4A-BA65-505F0EA877A7}.Debug|Any CPU.Build.0 = Debug|Any CPU
		{E3118B61-A1AF-4B4A-BA65-505F0EA877A7}.Release|Any CPU.ActiveCfg = Release|Any CPU
		{E3118B61-A1AF-4B4A-BA65-505F0EA877A7}.Release|Any CPU.Build.0 = Release|Any CPU
		{2559802A-6097-42C4-A4B0-062105E1DAC9}.Debug|Any CPU.ActiveCfg = Debug|Any CPU
		{2559802A-6097-42C4-A4B0-062105E1DAC9}.Debug|Any CPU.Build.0 = Debug|Any CPU
		{2559802A-6097-42C4-A4B0-062105E1DAC9}.Release|Any CPU.ActiveCfg = Release|Any CPU
		{2559802A-6097-42C4-A4B0-062105E1DAC9}.Release|Any CPU.Build.0 = Release|Any CPU
		{588AB2C5-EA35-4294-99DC-262B12EBABC1}.Debug|Any CPU.ActiveCfg = Debug|Any CPU
		{588AB2C5-EA35-4294-99DC-262B12EBABC1}.Debug|Any CPU.Build.0 = Debug|Any CPU
		{588AB2C5-EA35-4294-99DC-262B12EBABC1}.Release|Any CPU.ActiveCfg = Release|Any CPU
		{588AB2C5-EA35-4294-99DC-262B12EBABC1}.Release|Any CPU.Build.0 = Release|Any CPU
		{1EEA256A-7C97-4EEA-A60C-E93A81FF1D6C}.Debug|Any CPU.ActiveCfg = Debug|Any CPU
		{1EEA256A-7C97-4EEA-A60C-E93A81FF1D6C}.Debug|Any CPU.Build.0 = Debug|Any CPU
		{1EEA256A-7C97-4EEA-A60C-E93A81FF1D6C}.Release|Any CPU.ActiveCfg = Release|Any CPU
		{1EEA256A-7C97-4EEA-A60C-E93A81FF1D6C}.Release|Any CPU.Build.0 = Release|Any CPU
		{0EA2AAEC-1548-4C44-A9B3-DFF9EDA72DCB}.Debug|Any CPU.ActiveCfg = Debug|Any CPU
		{0EA2AAEC-1548-4C44-A9B3-DFF9EDA72DCB}.Debug|Any CPU.Build.0 = Debug|Any CPU
		{0EA2AAEC-1548-4C44-A9B3-DFF9EDA72DCB}.Release|Any CPU.ActiveCfg = Release|Any CPU
		{0EA2AAEC-1548-4C44-A9B3-DFF9EDA72DCB}.Release|Any CPU.Build.0 = Release|Any CPU
		{11563C81-005A-4694-8154-F67AC26D1B11}.Debug|Any CPU.ActiveCfg = Debug|Any CPU
		{11563C81-005A-4694-8154-F67AC26D1B11}.Debug|Any CPU.Build.0 = Debug|Any CPU
		{11563C81-005A-4694-8154-F67AC26D1B11}.Release|Any CPU.ActiveCfg = Release|Any CPU
		{11563C81-005A-4694-8154-F67AC26D1B11}.Release|Any CPU.Build.0 = Release|Any CPU
		{16BB210E-0E95-405C-A204-E9836BC82713}.Debug|Any CPU.ActiveCfg = Debug|Any CPU
		{16BB210E-0E95-405C-A204-E9836BC82713}.Debug|Any CPU.Build.0 = Debug|Any CPU
		{16BB210E-0E95-405C-A204-E9836BC82713}.Release|Any CPU.ActiveCfg = Release|Any CPU
		{16BB210E-0E95-405C-A204-E9836BC82713}.Release|Any CPU.Build.0 = Release|Any CPU
		{B3F50B82-58E6-4DB7-A0F1-3E290C92E533}.Debug|Any CPU.ActiveCfg = Debug|Any CPU
		{B3F50B82-58E6-4DB7-A0F1-3E290C92E533}.Debug|Any CPU.Build.0 = Debug|Any CPU
		{B3F50B82-58E6-4DB7-A0F1-3E290C92E533}.Release|Any CPU.ActiveCfg = Release|Any CPU
		{B3F50B82-58E6-4DB7-A0F1-3E290C92E533}.Release|Any CPU.Build.0 = Release|Any CPU
		{9E5CAA50-FC8D-4A24-A71F-D7FE69D10411}.Debug|Any CPU.ActiveCfg = Debug|Any CPU
		{9E5CAA50-FC8D-4A24-A71F-D7FE69D10411}.Debug|Any CPU.Build.0 = Debug|Any CPU
		{9E5CAA50-FC8D-4A24-A71F-D7FE69D10411}.Release|Any CPU.ActiveCfg = Release|Any CPU
		{9E5CAA50-FC8D-4A24-A71F-D7FE69D10411}.Release|Any CPU.Build.0 = Release|Any CPU
		{CB495719-B9AD-4B8B-80EF-1EAD86DF3CD4}.Debug|Any CPU.ActiveCfg = Debug|Any CPU
		{CB495719-B9AD-4B8B-80EF-1EAD86DF3CD4}.Debug|Any CPU.Build.0 = Debug|Any CPU
		{CB495719-B9AD-4B8B-80EF-1EAD86DF3CD4}.Release|Any CPU.ActiveCfg = Release|Any CPU
		{CB495719-B9AD-4B8B-80EF-1EAD86DF3CD4}.Release|Any CPU.Build.0 = Release|Any CPU
		{273CE071-986A-4209-9C27-6409F72E16C6}.Debug|Any CPU.ActiveCfg = Debug|Any CPU
		{273CE071-986A-4209-9C27-6409F72E16C6}.Debug|Any CPU.Build.0 = Debug|Any CPU
		{273CE071-986A-4209-9C27-6409F72E16C6}.Release|Any CPU.ActiveCfg = Release|Any CPU
		{273CE071-986A-4209-9C27-6409F72E16C6}.Release|Any CPU.Build.0 = Release|Any CPU
		{8FDF4753-01A8-4FC3-8245-EB1E281DA02F}.Debug|Any CPU.ActiveCfg = Debug|Any CPU
		{8FDF4753-01A8-4FC3-8245-EB1E281DA02F}.Debug|Any CPU.Build.0 = Debug|Any CPU
		{8FDF4753-01A8-4FC3-8245-EB1E281DA02F}.Release|Any CPU.ActiveCfg = Release|Any CPU
		{8FDF4753-01A8-4FC3-8245-EB1E281DA02F}.Release|Any CPU.Build.0 = Release|Any CPU
		{FB9FAF68-37A4-436B-AF2E-E21F8D6B40A7}.Debug|Any CPU.ActiveCfg = Debug|Any CPU
		{FB9FAF68-37A4-436B-AF2E-E21F8D6B40A7}.Debug|Any CPU.Build.0 = Debug|Any CPU
		{FB9FAF68-37A4-436B-AF2E-E21F8D6B40A7}.Release|Any CPU.ActiveCfg = Release|Any CPU
		{FB9FAF68-37A4-436B-AF2E-E21F8D6B40A7}.Release|Any CPU.Build.0 = Release|Any CPU
		{23F6429D-1BDD-407A-9289-060A03E0A42E}.Debug|Any CPU.ActiveCfg = Debug|Any CPU
		{23F6429D-1BDD-407A-9289-060A03E0A42E}.Debug|Any CPU.Build.0 = Debug|Any CPU
		{23F6429D-1BDD-407A-9289-060A03E0A42E}.Release|Any CPU.ActiveCfg = Release|Any CPU
		{23F6429D-1BDD-407A-9289-060A03E0A42E}.Release|Any CPU.Build.0 = Release|Any CPU
		{B175703A-6AFF-4948-9289-1D88011D101F}.Debug|Any CPU.ActiveCfg = Debug|Any CPU
		{B175703A-6AFF-4948-9289-1D88011D101F}.Debug|Any CPU.Build.0 = Debug|Any CPU
		{B175703A-6AFF-4948-9289-1D88011D101F}.Release|Any CPU.ActiveCfg = Release|Any CPU
		{B175703A-6AFF-4948-9289-1D88011D101F}.Release|Any CPU.Build.0 = Release|Any CPU
		{9A35E7B1-828D-43DB-AD81-BB57A2C30790}.Debug|Any CPU.ActiveCfg = Debug|Any CPU
		{9A35E7B1-828D-43DB-AD81-BB57A2C30790}.Debug|Any CPU.Build.0 = Debug|Any CPU
		{9A35E7B1-828D-43DB-AD81-BB57A2C30790}.Release|Any CPU.ActiveCfg = Release|Any CPU
		{9A35E7B1-828D-43DB-AD81-BB57A2C30790}.Release|Any CPU.Build.0 = Release|Any CPU
		{30A32B18-778A-42D9-87AB-671E2BE28055}.Debug|Any CPU.ActiveCfg = Debug|Any CPU
		{30A32B18-778A-42D9-87AB-671E2BE28055}.Debug|Any CPU.Build.0 = Debug|Any CPU
		{30A32B18-778A-42D9-87AB-671E2BE28055}.Release|Any CPU.ActiveCfg = Release|Any CPU
		{30A32B18-778A-42D9-87AB-671E2BE28055}.Release|Any CPU.Build.0 = Release|Any CPU
		{BD76C0EC-8B75-49D0-AEAC-2D9C625D2CBF}.Debug|Any CPU.ActiveCfg = Debug|Any CPU
		{BD76C0EC-8B75-49D0-AEAC-2D9C625D2CBF}.Debug|Any CPU.Build.0 = Debug|Any CPU
		{BD76C0EC-8B75-49D0-AEAC-2D9C625D2CBF}.Release|Any CPU.ActiveCfg = Release|Any CPU
		{BD76C0EC-8B75-49D0-AEAC-2D9C625D2CBF}.Release|Any CPU.Build.0 = Release|Any CPU
		{204F18C4-83C7-4A70-8D25-E85369FFD266}.Debug|Any CPU.ActiveCfg = Debug|Any CPU
		{204F18C4-83C7-4A70-8D25-E85369FFD266}.Debug|Any CPU.Build.0 = Debug|Any CPU
		{204F18C4-83C7-4A70-8D25-E85369FFD266}.Release|Any CPU.ActiveCfg = Release|Any CPU
		{204F18C4-83C7-4A70-8D25-E85369FFD266}.Release|Any CPU.Build.0 = Release|Any CPU
		{3C0D8297-43A3-45D6-B858-67E1771B20A6}.Debug|Any CPU.ActiveCfg = Debug|Any CPU
		{3C0D8297-43A3-45D6-B858-67E1771B20A6}.Debug|Any CPU.Build.0 = Debug|Any CPU
		{3C0D8297-43A3-45D6-B858-67E1771B20A6}.Release|Any CPU.ActiveCfg = Release|Any CPU
		{3C0D8297-43A3-45D6-B858-67E1771B20A6}.Release|Any CPU.Build.0 = Release|Any CPU
		{EEAB7067-7814-4AE3-BFD8-E441C572583E}.Debug|Any CPU.ActiveCfg = Debug|Any CPU
		{EEAB7067-7814-4AE3-BFD8-E441C572583E}.Debug|Any CPU.Build.0 = Debug|Any CPU
		{EEAB7067-7814-4AE3-BFD8-E441C572583E}.Release|Any CPU.ActiveCfg = Release|Any CPU
		{EEAB7067-7814-4AE3-BFD8-E441C572583E}.Release|Any CPU.Build.0 = Release|Any CPU
		{E8B528C3-C643-489E-AEED-B547F9818AE2}.Debug|Any CPU.ActiveCfg = Debug|Any CPU
		{E8B528C3-C643-489E-AEED-B547F9818AE2}.Debug|Any CPU.Build.0 = Debug|Any CPU
		{E8B528C3-C643-489E-AEED-B547F9818AE2}.Release|Any CPU.ActiveCfg = Release|Any CPU
		{E8B528C3-C643-489E-AEED-B547F9818AE2}.Release|Any CPU.Build.0 = Release|Any CPU
		{29719BF2-FE96-46CD-9B2D-7A1F8F8A3627}.Debug|Any CPU.ActiveCfg = Debug|Any CPU
		{29719BF2-FE96-46CD-9B2D-7A1F8F8A3627}.Debug|Any CPU.Build.0 = Debug|Any CPU
		{29719BF2-FE96-46CD-9B2D-7A1F8F8A3627}.Release|Any CPU.ActiveCfg = Release|Any CPU
		{29719BF2-FE96-46CD-9B2D-7A1F8F8A3627}.Release|Any CPU.Build.0 = Release|Any CPU
		{3C672011-706D-4D57-A8FB-69B0DA75AA87}.Debug|Any CPU.ActiveCfg = Debug|Any CPU
		{3C672011-706D-4D57-A8FB-69B0DA75AA87}.Debug|Any CPU.Build.0 = Debug|Any CPU
		{3C672011-706D-4D57-A8FB-69B0DA75AA87}.Release|Any CPU.ActiveCfg = Release|Any CPU
		{3C672011-706D-4D57-A8FB-69B0DA75AA87}.Release|Any CPU.Build.0 = Release|Any CPU
		{8B83EFDB-B12B-4A0A-BE0B-E8808CC260FD}.Debug|Any CPU.ActiveCfg = Debug|Any CPU
		{8B83EFDB-B12B-4A0A-BE0B-E8808CC260FD}.Debug|Any CPU.Build.0 = Debug|Any CPU
		{8B83EFDB-B12B-4A0A-BE0B-E8808CC260FD}.Release|Any CPU.ActiveCfg = Release|Any CPU
		{8B83EFDB-B12B-4A0A-BE0B-E8808CC260FD}.Release|Any CPU.Build.0 = Release|Any CPU
		{CD7031EA-4383-4460-9B51-A44280AE8D48}.Debug|Any CPU.ActiveCfg = Debug|Any CPU
		{CD7031EA-4383-4460-9B51-A44280AE8D48}.Debug|Any CPU.Build.0 = Debug|Any CPU
		{CD7031EA-4383-4460-9B51-A44280AE8D48}.Release|Any CPU.ActiveCfg = Release|Any CPU
		{CD7031EA-4383-4460-9B51-A44280AE8D48}.Release|Any CPU.Build.0 = Release|Any CPU
		{5B6771A7-D398-4A3D-956D-E54CB9EA9D19}.Debug|Any CPU.ActiveCfg = Debug|Any CPU
		{5B6771A7-D398-4A3D-956D-E54CB9EA9D19}.Debug|Any CPU.Build.0 = Debug|Any CPU
		{5B6771A7-D398-4A3D-956D-E54CB9EA9D19}.Release|Any CPU.ActiveCfg = Release|Any CPU
		{5B6771A7-D398-4A3D-956D-E54CB9EA9D19}.Release|Any CPU.Build.0 = Release|Any CPU
		{1BCAE9A7-C09D-466E-A747-B1B994FBDF0E}.Debug|Any CPU.ActiveCfg = Debug|Any CPU
		{1BCAE9A7-C09D-466E-A747-B1B994FBDF0E}.Debug|Any CPU.Build.0 = Debug|Any CPU
		{1BCAE9A7-C09D-466E-A747-B1B994FBDF0E}.Release|Any CPU.ActiveCfg = Release|Any CPU
		{1BCAE9A7-C09D-466E-A747-B1B994FBDF0E}.Release|Any CPU.Build.0 = Release|Any CPU
		{AAAAA770-AA92-4D75-AB93-FF1A84D7007B}.Debug|Any CPU.ActiveCfg = Debug|Any CPU
		{AAAAA770-AA92-4D75-AB93-FF1A84D7007B}.Debug|Any CPU.Build.0 = Debug|Any CPU
		{AAAAA770-AA92-4D75-AB93-FF1A84D7007B}.Release|Any CPU.ActiveCfg = Release|Any CPU
		{AAAAA770-AA92-4D75-AB93-FF1A84D7007B}.Release|Any CPU.Build.0 = Release|Any CPU
		{70F0E787-2E87-4692-A1FA-23DE71E3B2E6}.Debug|Any CPU.ActiveCfg = Debug|Any CPU
		{70F0E787-2E87-4692-A1FA-23DE71E3B2E6}.Debug|Any CPU.Build.0 = Debug|Any CPU
		{70F0E787-2E87-4692-A1FA-23DE71E3B2E6}.Release|Any CPU.ActiveCfg = Release|Any CPU
		{70F0E787-2E87-4692-A1FA-23DE71E3B2E6}.Release|Any CPU.Build.0 = Release|Any CPU
		{70FB46E1-ABCF-4445-8362-CB613F6CE767}.Debug|Any CPU.ActiveCfg = Debug|Any CPU
		{70FB46E1-ABCF-4445-8362-CB613F6CE767}.Debug|Any CPU.Build.0 = Debug|Any CPU
		{70FB46E1-ABCF-4445-8362-CB613F6CE767}.Release|Any CPU.ActiveCfg = Release|Any CPU
		{70FB46E1-ABCF-4445-8362-CB613F6CE767}.Release|Any CPU.Build.0 = Release|Any CPU
		{DE8C7327-D28B-4770-9114-D7EC80786A0A}.Debug|Any CPU.ActiveCfg = Debug|Any CPU
		{DE8C7327-D28B-4770-9114-D7EC80786A0A}.Debug|Any CPU.Build.0 = Debug|Any CPU
		{DE8C7327-D28B-4770-9114-D7EC80786A0A}.Release|Any CPU.ActiveCfg = Release|Any CPU
		{DE8C7327-D28B-4770-9114-D7EC80786A0A}.Release|Any CPU.Build.0 = Release|Any CPU
		{E37BE672-055C-403D-81EE-42CEDE078A7F}.Debug|Any CPU.ActiveCfg = Debug|Any CPU
		{E37BE672-055C-403D-81EE-42CEDE078A7F}.Debug|Any CPU.Build.0 = Debug|Any CPU
		{E37BE672-055C-403D-81EE-42CEDE078A7F}.Release|Any CPU.ActiveCfg = Release|Any CPU
		{E37BE672-055C-403D-81EE-42CEDE078A7F}.Release|Any CPU.Build.0 = Release|Any CPU
		{70F5CA2C-5798-4B92-A707-53D04D2C4239}.Debug|Any CPU.ActiveCfg = Debug|Any CPU
		{70F5CA2C-5798-4B92-A707-53D04D2C4239}.Debug|Any CPU.Build.0 = Debug|Any CPU
		{70F5CA2C-5798-4B92-A707-53D04D2C4239}.Release|Any CPU.ActiveCfg = Release|Any CPU
		{70F5CA2C-5798-4B92-A707-53D04D2C4239}.Release|Any CPU.Build.0 = Release|Any CPU
		{B93D1845-49C5-499C-9902-72DB8874D471}.Debug|Any CPU.ActiveCfg = Debug|Any CPU
		{B93D1845-49C5-499C-9902-72DB8874D471}.Debug|Any CPU.Build.0 = Debug|Any CPU
		{B93D1845-49C5-499C-9902-72DB8874D471}.Release|Any CPU.ActiveCfg = Release|Any CPU
		{B93D1845-49C5-499C-9902-72DB8874D471}.Release|Any CPU.Build.0 = Release|Any CPU
		{46DA1D8D-BBD4-420A-9CED-26981552CB06}.Debug|Any CPU.ActiveCfg = Debug|Any CPU
		{46DA1D8D-BBD4-420A-9CED-26981552CB06}.Debug|Any CPU.Build.0 = Debug|Any CPU
		{46DA1D8D-BBD4-420A-9CED-26981552CB06}.Release|Any CPU.ActiveCfg = Release|Any CPU
		{46DA1D8D-BBD4-420A-9CED-26981552CB06}.Release|Any CPU.Build.0 = Release|Any CPU
		{55CE89FD-E61E-478B-A08F-7436E828DA9D}.Debug|Any CPU.ActiveCfg = Debug|Any CPU
		{55CE89FD-E61E-478B-A08F-7436E828DA9D}.Debug|Any CPU.Build.0 = Debug|Any CPU
		{55CE89FD-E61E-478B-A08F-7436E828DA9D}.Release|Any CPU.ActiveCfg = Release|Any CPU
		{55CE89FD-E61E-478B-A08F-7436E828DA9D}.Release|Any CPU.Build.0 = Release|Any CPU
		{E7F36128-578E-461C-926D-A4EA1DC47B8D}.Debug|Any CPU.ActiveCfg = Debug|Any CPU
		{E7F36128-578E-461C-926D-A4EA1DC47B8D}.Debug|Any CPU.Build.0 = Debug|Any CPU
		{E7F36128-578E-461C-926D-A4EA1DC47B8D}.Release|Any CPU.ActiveCfg = Release|Any CPU
		{E7F36128-578E-461C-926D-A4EA1DC47B8D}.Release|Any CPU.Build.0 = Release|Any CPU
		{1D251795-1952-4543-9493-8480E1AEA59E}.Debug|Any CPU.ActiveCfg = Debug|Any CPU
		{1D251795-1952-4543-9493-8480E1AEA59E}.Debug|Any CPU.Build.0 = Debug|Any CPU
		{1D251795-1952-4543-9493-8480E1AEA59E}.Release|Any CPU.ActiveCfg = Release|Any CPU
		{1D251795-1952-4543-9493-8480E1AEA59E}.Release|Any CPU.Build.0 = Release|Any CPU
		{9009984A-7EFD-46C3-A300-A3139A75200A}.Debug|Any CPU.ActiveCfg = Debug|Any CPU
		{9009984A-7EFD-46C3-A300-A3139A75200A}.Debug|Any CPU.Build.0 = Debug|Any CPU
		{9009984A-7EFD-46C3-A300-A3139A75200A}.Release|Any CPU.ActiveCfg = Release|Any CPU
		{9009984A-7EFD-46C3-A300-A3139A75200A}.Release|Any CPU.Build.0 = Release|Any CPU
		{6FD8EB43-A875-4201-9A97-17D4D0417FBF}.Debug|Any CPU.ActiveCfg = Debug|Any CPU
		{6FD8EB43-A875-4201-9A97-17D4D0417FBF}.Debug|Any CPU.Build.0 = Debug|Any CPU
		{6FD8EB43-A875-4201-9A97-17D4D0417FBF}.Release|Any CPU.ActiveCfg = Release|Any CPU
		{6FD8EB43-A875-4201-9A97-17D4D0417FBF}.Release|Any CPU.Build.0 = Release|Any CPU
		{402BC7B5-F24D-4F0A-83AF-8C21DB05934D}.Debug|Any CPU.ActiveCfg = Debug|Any CPU
		{402BC7B5-F24D-4F0A-83AF-8C21DB05934D}.Debug|Any CPU.Build.0 = Debug|Any CPU
		{402BC7B5-F24D-4F0A-83AF-8C21DB05934D}.Release|Any CPU.ActiveCfg = Release|Any CPU
		{402BC7B5-F24D-4F0A-83AF-8C21DB05934D}.Release|Any CPU.Build.0 = Release|Any CPU
	EndGlobalSection
	GlobalSection(SolutionProperties) = preSolution
		HideSolutionNode = FALSE
	EndGlobalSection
	GlobalSection(ExtensibilityGlobals) = postSolution
		SolutionGuid = {7C6F7B93-8F23-4222-ACAB-E1CF3B795C48}
	EndGlobalSection
EndGlobal
