
Microsoft Visual Studio Solution File, Format Version 12.00
# Visual Studio Version 16
VisualStudioVersion = 16.0.29009.5
MinimumVisualStudioVersion = 10.0.40219.1
Project("{FAE04EC0-301F-11D3-BF4B-00C04F79EFBC}") = "Multiply", "Multiply.csproj", "{9E0F2111-96F9-47FB-909E-A8416470C851}"
EndProject
Global
	GlobalSection(SolutionConfigurationPlatforms) = preSolution
		Debug|Any CPU = Debug|Any CPU
		Release|Any CPU = Release|Any CPU
	EndGlobalSection
	GlobalSection(ProjectConfigurationPlatforms) = postSolution
		{9E0F2111-96F9-47FB-909E-A8416470C851}.Debug|Any CPU.ActiveCfg = Debug|Any CPU
		{9E0F2111-96F9-47FB-909E-A8416470C851}.Debug|Any CPU.Build.0 = Debug|Any CPU
		{9E0F2111-96F9-47FB-909E-A8416470C851}.Release|Any CPU.ActiveCfg = Release|Any CPU
		{9E0F2111-96F9-47FB-909E-A8416470C851}.Release|Any CPU.Build.0 = Release|Any CPU
	EndGlobalSection
	GlobalSection(SolutionProperties) = preSolution
		HideSolutionNode = FALSE
	EndGlobalSection
	GlobalSection(ExtensibilityGlobals) = postSolution
		SolutionGuid = {671D17E6-5EB9-461F-8012-44BEC652DA6B}
	EndGlobalSection
EndGlobal
